// !$*UTF8*$!
{
	archiveVersion = 1;
	classes = {
	};
	objectVersion = 46;
	objects = {

/* Begin PBXBuildFile section */
		222387FF1D30C0FB00B94255 /* GameplayViewController.swift in Sources */ = {isa = PBXBuildFile; fileRef = 222387FE1D30C0FB00B94255 /* GameplayViewController.swift */; };
		222388011D30C89100B94255 /* TranscendenceView.swift in Sources */ = {isa = PBXBuildFile; fileRef = 222388001D30C89100B94255 /* TranscendenceView.swift */; };
		222388031D30CAF400B94255 /* GameTitleViewController.swift in Sources */ = {isa = PBXBuildFile; fileRef = 222388021D30CAF400B94255 /* GameTitleViewController.swift */; };
		222388051D34A37B00B94255 /* GameStatsViewController.swift in Sources */ = {isa = PBXBuildFile; fileRef = 222388041D34A37B00B94255 /* GameStatsViewController.swift */; };
		222388081D34AD9B00B94255 /* MetalKit.framework in Frameworks */ = {isa = PBXBuildFile; fileRef = 222388071D34AD9B00B94255 /* MetalKit.framework */; };
		2244B9511B326C5700B6AC82 /* GameViewController.swift in Sources */ = {isa = PBXBuildFile; fileRef = 2244B9501B326C5700B6AC82 /* GameViewController.swift */; };
		2244B9531B32835300B6AC82 /* ShaderTest.metal in Sources */ = {isa = PBXBuildFile; fileRef = 2244B9521B32835300B6AC82 /* ShaderTest.metal */; };
		22503E121B292F6E00FE316A /* Kahr.swift in Sources */ = {isa = PBXBuildFile; fileRef = 22503E111B292F6E00FE316A /* Kahr.swift */; };
		2286485B1B11ACB300CC018C /* AppDelegate.swift in Sources */ = {isa = PBXBuildFile; fileRef = 2286485A1B11ACB300CC018C /* AppDelegate.swift */; };
		2286485D1B11ACB300CC018C /* ViewController.swift in Sources */ = {isa = PBXBuildFile; fileRef = 2286485C1B11ACB300CC018C /* ViewController.swift */; };
		228648601B11ACB300CC018C /* Main.storyboard in Resources */ = {isa = PBXBuildFile; fileRef = 2286485E1B11ACB300CC018C /* Main.storyboard */; };
		228648621B11ACB300CC018C /* Images.xcassets in Resources */ = {isa = PBXBuildFile; fileRef = 228648611B11ACB300CC018C /* Images.xcassets */; };
		228648651B11ACB300CC018C /* LaunchScreen.xib in Resources */ = {isa = PBXBuildFile; fileRef = 228648631B11ACB300CC018C /* LaunchScreen.xib */; };
		228648711B11ACB400CC018C /* transcendenceTests.swift in Sources */ = {isa = PBXBuildFile; fileRef = 228648701B11ACB400CC018C /* transcendenceTests.swift */; };
		2286487B1B11AD8E00CC018C /* Octalye.swift in Sources */ = {isa = PBXBuildFile; fileRef = 2286487A1B11AD8E00CC018C /* Octalye.swift */; };
		2286487D1B11B9DD00CC018C /* Phase.swift in Sources */ = {isa = PBXBuildFile; fileRef = 2286487C1B11B9DD00CC018C /* Phase.swift */; };
		228E91B51B2A82B400F8F995 /* Player.swift in Sources */ = {isa = PBXBuildFile; fileRef = 228E91B41B2A82B400F8F995 /* Player.swift */; };
		22A2E34E1B26A4870039F658 /* GrooveQueue.swift in Sources */ = {isa = PBXBuildFile; fileRef = 22A2E34D1B26A4870039F658 /* GrooveQueue.swift */; };
		22FB8E0F1B3902FB00352F10 /* RenderNode.swift in Sources */ = {isa = PBXBuildFile; fileRef = 22FB8E0E1B3902FB00352F10 /* RenderNode.swift */; };
/* End PBXBuildFile section */

/* Begin PBXContainerItemProxy section */
		2286486B1B11ACB300CC018C /* PBXContainerItemProxy */ = {
			isa = PBXContainerItemProxy;
			containerPortal = 2286484D1B11ACB300CC018C /* Project object */;
			proxyType = 1;
			remoteGlobalIDString = 228648541B11ACB300CC018C;
			remoteInfo = transcendence;
		};
/* End PBXContainerItemProxy section */

/* Begin PBXFileReference section */
		222387FE1D30C0FB00B94255 /* GameplayViewController.swift */ = {isa = PBXFileReference; fileEncoding = 4; lastKnownFileType = sourcecode.swift; path = GameplayViewController.swift; sourceTree = "<group>"; };
		222388001D30C89100B94255 /* TranscendenceView.swift */ = {isa = PBXFileReference; fileEncoding = 4; lastKnownFileType = sourcecode.swift; path = TranscendenceView.swift; sourceTree = "<group>"; };
		222388021D30CAF400B94255 /* GameTitleViewController.swift */ = {isa = PBXFileReference; fileEncoding = 4; lastKnownFileType = sourcecode.swift; path = GameTitleViewController.swift; sourceTree = "<group>"; };
		222388041D34A37B00B94255 /* GameStatsViewController.swift */ = {isa = PBXFileReference; fileEncoding = 4; lastKnownFileType = sourcecode.swift; path = GameStatsViewController.swift; sourceTree = "<group>"; };
		222388071D34AD9B00B94255 /* MetalKit.framework */ = {isa = PBXFileReference; lastKnownFileType = wrapper.framework; name = MetalKit.framework; path = System/Library/Frameworks/MetalKit.framework; sourceTree = SDKROOT; };
		2244B9501B326C5700B6AC82 /* GameViewController.swift */ = {isa = PBXFileReference; fileEncoding = 4; lastKnownFileType = sourcecode.swift; path = GameViewController.swift; sourceTree = "<group>"; };
		2244B9521B32835300B6AC82 /* ShaderTest.metal */ = {isa = PBXFileReference; fileEncoding = 4; lastKnownFileType = sourcecode.metal; path = ShaderTest.metal; sourceTree = "<group>"; };
		22503E111B292F6E00FE316A /* Kahr.swift */ = {isa = PBXFileReference; fileEncoding = 4; lastKnownFileType = sourcecode.swift; path = Kahr.swift; sourceTree = "<group>"; };
		228648551B11ACB300CC018C /* transcendence.app */ = {isa = PBXFileReference; explicitFileType = wrapper.application; includeInIndex = 0; path = transcendence.app; sourceTree = BUILT_PRODUCTS_DIR; };
		228648591B11ACB300CC018C /* Info.plist */ = {isa = PBXFileReference; lastKnownFileType = text.plist.xml; path = Info.plist; sourceTree = "<group>"; };
		2286485A1B11ACB300CC018C /* AppDelegate.swift */ = {isa = PBXFileReference; lastKnownFileType = sourcecode.swift; path = AppDelegate.swift; sourceTree = "<group>"; };
		2286485C1B11ACB300CC018C /* ViewController.swift */ = {isa = PBXFileReference; lastKnownFileType = sourcecode.swift; path = ViewController.swift; sourceTree = "<group>"; };
		2286485F1B11ACB300CC018C /* Base */ = {isa = PBXFileReference; lastKnownFileType = file.storyboard; name = Base; path = Base.lproj/Main.storyboard; sourceTree = "<group>"; };
		228648611B11ACB300CC018C /* Images.xcassets */ = {isa = PBXFileReference; lastKnownFileType = folder.assetcatalog; path = Images.xcassets; sourceTree = "<group>"; };
		228648641B11ACB300CC018C /* Base */ = {isa = PBXFileReference; lastKnownFileType = file.xib; name = Base; path = Base.lproj/LaunchScreen.xib; sourceTree = "<group>"; };
		2286486A1B11ACB300CC018C /* transcendenceTests.xctest */ = {isa = PBXFileReference; explicitFileType = wrapper.cfbundle; includeInIndex = 0; path = transcendenceTests.xctest; sourceTree = BUILT_PRODUCTS_DIR; };
		2286486F1B11ACB300CC018C /* Info.plist */ = {isa = PBXFileReference; lastKnownFileType = text.plist.xml; path = Info.plist; sourceTree = "<group>"; };
		228648701B11ACB400CC018C /* transcendenceTests.swift */ = {isa = PBXFileReference; lastKnownFileType = sourcecode.swift; path = transcendenceTests.swift; sourceTree = "<group>"; };
		2286487A1B11AD8E00CC018C /* Octalye.swift */ = {isa = PBXFileReference; fileEncoding = 4; lastKnownFileType = sourcecode.swift; path = Octalye.swift; sourceTree = "<group>"; };
		2286487C1B11B9DD00CC018C /* Phase.swift */ = {isa = PBXFileReference; fileEncoding = 4; lastKnownFileType = sourcecode.swift; path = Phase.swift; sourceTree = "<group>"; };
		228E91B41B2A82B400F8F995 /* Player.swift */ = {isa = PBXFileReference; fileEncoding = 4; lastKnownFileType = sourcecode.swift; path = Player.swift; sourceTree = "<group>"; };
		22A2E34D1B26A4870039F658 /* GrooveQueue.swift */ = {isa = PBXFileReference; fileEncoding = 4; lastKnownFileType = sourcecode.swift; path = GrooveQueue.swift; sourceTree = "<group>"; };
		22FB8E0E1B3902FB00352F10 /* RenderNode.swift */ = {isa = PBXFileReference; fileEncoding = 4; lastKnownFileType = sourcecode.swift; path = RenderNode.swift; sourceTree = "<group>"; };
/* End PBXFileReference section */

/* Begin PBXFrameworksBuildPhase section */
		228648521B11ACB300CC018C /* Frameworks */ = {
			isa = PBXFrameworksBuildPhase;
			buildActionMask = 2147483647;
			files = (
				222388081D34AD9B00B94255 /* MetalKit.framework in Frameworks */,
			);
			runOnlyForDeploymentPostprocessing = 0;
		};
		228648671B11ACB300CC018C /* Frameworks */ = {
			isa = PBXFrameworksBuildPhase;
			buildActionMask = 2147483647;
			files = (
			);
			runOnlyForDeploymentPostprocessing = 0;
		};
/* End PBXFrameworksBuildPhase section */

/* Begin PBXGroup section */
		222388061D34AD9B00B94255 /* Frameworks */ = {
			isa = PBXGroup;
			children = (
				222388071D34AD9B00B94255 /* MetalKit.framework */,
			);
			name = Frameworks;
			sourceTree = "<group>";
		};
		2286484C1B11ACB300CC018C = {
			isa = PBXGroup;
			children = (
				228648571B11ACB300CC018C /* transcendence */,
				2286486D1B11ACB300CC018C /* transcendenceTests */,
				228648561B11ACB300CC018C /* Products */,
				222388061D34AD9B00B94255 /* Frameworks */,
			);
			sourceTree = "<group>";
		};
		228648561B11ACB300CC018C /* Products */ = {
			isa = PBXGroup;
			children = (
				228648551B11ACB300CC018C /* transcendence.app */,
				2286486A1B11ACB300CC018C /* transcendenceTests.xctest */,
			);
			name = Products;
			sourceTree = "<group>";
		};
		228648571B11ACB300CC018C /* transcendence */ = {
			isa = PBXGroup;
			children = (
				2286485A1B11ACB300CC018C /* AppDelegate.swift */,
				2286487A1B11AD8E00CC018C /* Octalye.swift */,
				22A2E34D1B26A4870039F658 /* GrooveQueue.swift */,
				2286487C1B11B9DD00CC018C /* Phase.swift */,
				22503E111B292F6E00FE316A /* Kahr.swift */,
				228E91B41B2A82B400F8F995 /* Player.swift */,
				2286485C1B11ACB300CC018C /* ViewController.swift */,
				22FB8E0E1B3902FB00352F10 /* RenderNode.swift */,
				2244B9501B326C5700B6AC82 /* GameViewController.swift */,
				2244B9521B32835300B6AC82 /* ShaderTest.metal */,
				2286485E1B11ACB300CC018C /* Main.storyboard */,
				222388001D30C89100B94255 /* TranscendenceView.swift */,
				222388021D30CAF400B94255 /* GameTitleViewController.swift */,
				222388041D34A37B00B94255 /* GameStatsViewController.swift */,
				222387FE1D30C0FB00B94255 /* GameplayViewController.swift */,
				228648611B11ACB300CC018C /* Images.xcassets */,
				228648631B11ACB300CC018C /* LaunchScreen.xib */,
				228648581B11ACB300CC018C /* Supporting Files */,
			);
			path = transcendence;
			sourceTree = "<group>";
		};
		228648581B11ACB300CC018C /* Supporting Files */ = {
			isa = PBXGroup;
			children = (
				228648591B11ACB300CC018C /* Info.plist */,
			);
			name = "Supporting Files";
			sourceTree = "<group>";
		};
		2286486D1B11ACB300CC018C /* transcendenceTests */ = {
			isa = PBXGroup;
			children = (
				228648701B11ACB400CC018C /* transcendenceTests.swift */,
				2286486E1B11ACB300CC018C /* Supporting Files */,
			);
			path = transcendenceTests;
			sourceTree = "<group>";
		};
		2286486E1B11ACB300CC018C /* Supporting Files */ = {
			isa = PBXGroup;
			children = (
				2286486F1B11ACB300CC018C /* Info.plist */,
			);
			name = "Supporting Files";
			sourceTree = "<group>";
		};
/* End PBXGroup section */

/* Begin PBXNativeTarget section */
		228648541B11ACB300CC018C /* transcendence */ = {
			isa = PBXNativeTarget;
			buildConfigurationList = 228648741B11ACB400CC018C /* Build configuration list for PBXNativeTarget "transcendence" */;
			buildPhases = (
				228648511B11ACB300CC018C /* Sources */,
				228648521B11ACB300CC018C /* Frameworks */,
				228648531B11ACB300CC018C /* Resources */,
			);
			buildRules = (
			);
			dependencies = (
			);
			name = transcendence;
			productName = transcendence;
			productReference = 228648551B11ACB300CC018C /* transcendence.app */;
			productType = "com.apple.product-type.application";
		};
		228648691B11ACB300CC018C /* transcendenceTests */ = {
			isa = PBXNativeTarget;
			buildConfigurationList = 228648771B11ACB400CC018C /* Build configuration list for PBXNativeTarget "transcendenceTests" */;
			buildPhases = (
				228648661B11ACB300CC018C /* Sources */,
				228648671B11ACB300CC018C /* Frameworks */,
				228648681B11ACB300CC018C /* Resources */,
			);
			buildRules = (
			);
			dependencies = (
				2286486C1B11ACB300CC018C /* PBXTargetDependency */,
			);
			name = transcendenceTests;
			productName = transcendenceTests;
			productReference = 2286486A1B11ACB300CC018C /* transcendenceTests.xctest */;
			productType = "com.apple.product-type.bundle.unit-test";
		};
/* End PBXNativeTarget section */

/* Begin PBXProject section */
		2286484D1B11ACB300CC018C /* Project object */ = {
			isa = PBXProject;
			attributes = {
				LastSwiftUpdateCheck = 0700;
				LastUpgradeCheck = 0700;
				ORGANIZATIONNAME = "Tim Harris";
				TargetAttributes = {
					228648541B11ACB300CC018C = {
						CreatedOnToolsVersion = 6.3.2;
						DevelopmentTeam = 68W5V575MP;
						LastSwiftMigration = 0800;
					};
					228648691B11ACB300CC018C = {
						CreatedOnToolsVersion = 6.3.2;
						LastSwiftMigration = 0800;
						TestTargetID = 228648541B11ACB300CC018C;
					};
				};
			};
			buildConfigurationList = 228648501B11ACB300CC018C /* Build configuration list for PBXProject "transcendence" */;
			compatibilityVersion = "Xcode 3.2";
			developmentRegion = English;
			hasScannedForEncodings = 0;
			knownRegions = (
				en,
				Base,
			);
			mainGroup = 2286484C1B11ACB300CC018C;
			productRefGroup = 228648561B11ACB300CC018C /* Products */;
			projectDirPath = "";
			projectRoot = "";
			targets = (
				228648541B11ACB300CC018C /* transcendence */,
				228648691B11ACB300CC018C /* transcendenceTests */,
			);
		};
/* End PBXProject section */

/* Begin PBXResourcesBuildPhase section */
		228648531B11ACB300CC018C /* Resources */ = {
			isa = PBXResourcesBuildPhase;
			buildActionMask = 2147483647;
			files = (
				228648601B11ACB300CC018C /* Main.storyboard in Resources */,
				228648651B11ACB300CC018C /* LaunchScreen.xib in Resources */,
				228648621B11ACB300CC018C /* Images.xcassets in Resources */,
			);
			runOnlyForDeploymentPostprocessing = 0;
		};
		228648681B11ACB300CC018C /* Resources */ = {
			isa = PBXResourcesBuildPhase;
			buildActionMask = 2147483647;
			files = (
			);
			runOnlyForDeploymentPostprocessing = 0;
		};
/* End PBXResourcesBuildPhase section */

/* Begin PBXSourcesBuildPhase section */
		228648511B11ACB300CC018C /* Sources */ = {
			isa = PBXSourcesBuildPhase;
			buildActionMask = 2147483647;
			files = (
				2244B9531B32835300B6AC82 /* ShaderTest.metal in Sources */,
				22A2E34E1B26A4870039F658 /* GrooveQueue.swift in Sources */,
				222388051D34A37B00B94255 /* GameStatsViewController.swift in Sources */,
				22503E121B292F6E00FE316A /* Kahr.swift in Sources */,
				2286485D1B11ACB300CC018C /* ViewController.swift in Sources */,
				2286485B1B11ACB300CC018C /* AppDelegate.swift in Sources */,
				2244B9511B326C5700B6AC82 /* GameViewController.swift in Sources */,
				222388011D30C89100B94255 /* TranscendenceView.swift in Sources */,
				222387FF1D30C0FB00B94255 /* GameplayViewController.swift in Sources */,
				228E91B51B2A82B400F8F995 /* Player.swift in Sources */,
				2286487B1B11AD8E00CC018C /* Octalye.swift in Sources */,
				2286487D1B11B9DD00CC018C /* Phase.swift in Sources */,
				222388031D30CAF400B94255 /* GameTitleViewController.swift in Sources */,
				22FB8E0F1B3902FB00352F10 /* RenderNode.swift in Sources */,
			);
			runOnlyForDeploymentPostprocessing = 0;
		};
		228648661B11ACB300CC018C /* Sources */ = {
			isa = PBXSourcesBuildPhase;
			buildActionMask = 2147483647;
			files = (
				228648711B11ACB400CC018C /* transcendenceTests.swift in Sources */,
			);
			runOnlyForDeploymentPostprocessing = 0;
		};
/* End PBXSourcesBuildPhase section */

/* Begin PBXTargetDependency section */
		2286486C1B11ACB300CC018C /* PBXTargetDependency */ = {
			isa = PBXTargetDependency;
			target = 228648541B11ACB300CC018C /* transcendence */;
			targetProxy = 2286486B1B11ACB300CC018C /* PBXContainerItemProxy */;
		};
/* End PBXTargetDependency section */

/* Begin PBXVariantGroup section */
		2286485E1B11ACB300CC018C /* Main.storyboard */ = {
			isa = PBXVariantGroup;
			children = (
				2286485F1B11ACB300CC018C /* Base */,
			);
			name = Main.storyboard;
			sourceTree = "<group>";
		};
		228648631B11ACB300CC018C /* LaunchScreen.xib */ = {
			isa = PBXVariantGroup;
			children = (
				228648641B11ACB300CC018C /* Base */,
			);
			name = LaunchScreen.xib;
			sourceTree = "<group>";
		};
/* End PBXVariantGroup section */

/* Begin XCBuildConfiguration section */
		228648721B11ACB400CC018C /* Debug */ = {
			isa = XCBuildConfiguration;
			buildSettings = {
				ALWAYS_SEARCH_USER_PATHS = NO;
				CLANG_CXX_LANGUAGE_STANDARD = "gnu++0x";
				CLANG_CXX_LIBRARY = "libc++";
				CLANG_ENABLE_MODULES = YES;
				CLANG_ENABLE_OBJC_ARC = YES;
				CLANG_WARN_BOOL_CONVERSION = YES;
				CLANG_WARN_CONSTANT_CONVERSION = YES;
				CLANG_WARN_DIRECT_OBJC_ISA_USAGE = YES_ERROR;
				CLANG_WARN_EMPTY_BODY = YES;
				CLANG_WARN_ENUM_CONVERSION = YES;
				CLANG_WARN_INT_CONVERSION = YES;
				CLANG_WARN_OBJC_ROOT_CLASS = YES_ERROR;
				CLANG_WARN_UNREACHABLE_CODE = YES;
				CLANG_WARN__DUPLICATE_METHOD_MATCH = YES;
				"CODE_SIGN_IDENTITY[sdk=iphoneos*]" = "iPhone Developer";
				COPY_PHASE_STRIP = NO;
				DEBUG_INFORMATION_FORMAT = "dwarf-with-dsym";
				ENABLE_STRICT_OBJC_MSGSEND = YES;
				ENABLE_TESTABILITY = YES;
				GCC_C_LANGUAGE_STANDARD = gnu99;
				GCC_DYNAMIC_NO_PIC = NO;
				GCC_NO_COMMON_BLOCKS = YES;
				GCC_OPTIMIZATION_LEVEL = 0;
				GCC_PREPROCESSOR_DEFINITIONS = (
					"DEBUG=1",
					"$(inherited)",
				);
				GCC_SYMBOLS_PRIVATE_EXTERN = NO;
				GCC_WARN_64_TO_32_BIT_CONVERSION = YES;
				GCC_WARN_ABOUT_RETURN_TYPE = YES_ERROR;
				GCC_WARN_UNDECLARED_SELECTOR = YES;
				GCC_WARN_UNINITIALIZED_AUTOS = YES_AGGRESSIVE;
				GCC_WARN_UNUSED_FUNCTION = YES;
				GCC_WARN_UNUSED_VARIABLE = YES;
				IPHONEOS_DEPLOYMENT_TARGET = 8.3;
				MTL_ENABLE_DEBUG_INFO = YES;
				ONLY_ACTIVE_ARCH = YES;
				SDKROOT = iphoneos;
				SWIFT_OPTIMIZATION_LEVEL = "-Onone";
				TARGETED_DEVICE_FAMILY = "1,2";
			};
			name = Debug;
		};
		228648731B11ACB400CC018C /* Release */ = {
			isa = XCBuildConfiguration;
			buildSettings = {
				ALWAYS_SEARCH_USER_PATHS = NO;
				CLANG_CXX_LANGUAGE_STANDARD = "gnu++0x";
				CLANG_CXX_LIBRARY = "libc++";
				CLANG_ENABLE_MODULES = YES;
				CLANG_ENABLE_OBJC_ARC = YES;
				CLANG_WARN_BOOL_CONVERSION = YES;
				CLANG_WARN_CONSTANT_CONVERSION = YES;
				CLANG_WARN_DIRECT_OBJC_ISA_USAGE = YES_ERROR;
				CLANG_WARN_EMPTY_BODY = YES;
				CLANG_WARN_ENUM_CONVERSION = YES;
				CLANG_WARN_INT_CONVERSION = YES;
				CLANG_WARN_OBJC_ROOT_CLASS = YES_ERROR;
				CLANG_WARN_UNREACHABLE_CODE = YES;
				CLANG_WARN__DUPLICATE_METHOD_MATCH = YES;
				"CODE_SIGN_IDENTITY[sdk=iphoneos*]" = "iPhone Developer";
				COPY_PHASE_STRIP = NO;
				DEBUG_INFORMATION_FORMAT = "dwarf-with-dsym";
				ENABLE_NS_ASSERTIONS = NO;
				ENABLE_STRICT_OBJC_MSGSEND = YES;
				GCC_C_LANGUAGE_STANDARD = gnu99;
				GCC_NO_COMMON_BLOCKS = YES;
				GCC_WARN_64_TO_32_BIT_CONVERSION = YES;
				GCC_WARN_ABOUT_RETURN_TYPE = YES_ERROR;
				GCC_WARN_UNDECLARED_SELECTOR = YES;
				GCC_WARN_UNINITIALIZED_AUTOS = YES_AGGRESSIVE;
				GCC_WARN_UNUSED_FUNCTION = YES;
				GCC_WARN_UNUSED_VARIABLE = YES;
				IPHONEOS_DEPLOYMENT_TARGET = 8.3;
				MTL_ENABLE_DEBUG_INFO = NO;
				SDKROOT = iphoneos;
				TARGETED_DEVICE_FAMILY = "1,2";
				VALIDATE_PRODUCT = YES;
			};
			name = Release;
		};
		228648751B11ACB400CC018C /* Debug */ = {
			isa = XCBuildConfiguration;
			buildSettings = {
				ASSETCATALOG_COMPILER_APPICON_NAME = AppIcon;
				CODE_SIGN_IDENTITY = "iPhone Developer";
				"CODE_SIGN_IDENTITY[sdk=iphoneos*]" = "iPhone Developer";
				INFOPLIST_FILE = transcendence/Info.plist;
				IPHONEOS_DEPLOYMENT_TARGET = 9.3;
				LD_RUNPATH_SEARCH_PATHS = "$(inherited) @executable_path/Frameworks";
				PRODUCT_BUNDLE_IDENTIFIER = "com.newFX.$(PRODUCT_NAME:rfc1034identifier)";
				PRODUCT_NAME = "$(TARGET_NAME)";
				PROVISIONING_PROFILE = "";
				SWIFT_VERSION = 3.0;
			};
			name = Debug;
		};
		228648761B11ACB400CC018C /* Release */ = {
			isa = XCBuildConfiguration;
			buildSettings = {
				ASSETCATALOG_COMPILER_APPICON_NAME = AppIcon;
				CODE_SIGN_IDENTITY = "iPhone Developer";
				"CODE_SIGN_IDENTITY[sdk=iphoneos*]" = "iPhone Developer";
				INFOPLIST_FILE = transcendence/Info.plist;
				IPHONEOS_DEPLOYMENT_TARGET = 9.3;
				LD_RUNPATH_SEARCH_PATHS = "$(inherited) @executable_path/Frameworks";
				PRODUCT_BUNDLE_IDENTIFIER = "com.newFX.$(PRODUCT_NAME:rfc1034identifier)";
				PRODUCT_NAME = "$(TARGET_NAME)";
				PROVISIONING_PROFILE = "";
				SWIFT_VERSION = 3.0;
			};
			name = Release;
		};
		228648781B11ACB400CC018C /* Debug */ = {
			isa = XCBuildConfiguration;
			buildSettings = {
				BUNDLE_LOADER = "$(TEST_HOST)";
				FRAMEWORK_SEARCH_PATHS = (
					"$(SDKROOT)/Developer/Library/Frameworks",
					"$(inherited)",
				);
				GCC_PREPROCESSOR_DEFINITIONS = (
					"DEBUG=1",
					"$(inherited)",
				);
				INFOPLIST_FILE = transcendenceTests/Info.plist;
				LD_RUNPATH_SEARCH_PATHS = "$(inherited) @executable_path/Frameworks @loader_path/Frameworks";
				PRODUCT_BUNDLE_IDENTIFIER = "com.newFX.$(PRODUCT_NAME:rfc1034identifier)";
				PRODUCT_NAME = "$(TARGET_NAME)";
				SWIFT_VERSION = 3.0;
				TEST_HOST = "$(BUILT_PRODUCTS_DIR)/transcendence.app/transcendence";
			};
			name = Debug;
		};
		228648791B11ACB400CC018C /* Release */ = {
			isa = XCBuildConfiguration;
			buildSettings = {
				BUNDLE_LOADER = "$(TEST_HOST)";
				FRAMEWORK_SEARCH_PATHS = (
					"$(SDKROOT)/Developer/Library/Frameworks",
					"$(inherited)",
				);
				INFOPLIST_FILE = transcendenceTests/Info.plist;
				LD_RUNPATH_SEARCH_PATHS = "$(inherited) @executable_path/Frameworks @loader_path/Frameworks";
				PRODUCT_BUNDLE_IDENTIFIER = "com.newFX.$(PRODUCT_NAME:rfc1034identifier)";
				PRODUCT_NAME = "$(TARGET_NAME)";
				SWIFT_VERSION = 3.0;
				TEST_HOST = "$(BUILT_PRODUCTS_DIR)/transcendence.app/transcendence";
			};
			name = Release;
		};
/* End XCBuildConfiguration section */

/* Begin XCConfigurationList section */
		228648501B11ACB300CC018C /* Build configuration list for PBXProject "transcendence" */ = {
			isa = XCConfigurationList;
			buildConfigurations = (
				228648721B11ACB400CC018C /* Debug */,
				228648731B11ACB400CC018C /* Release */,
			);
			defaultConfigurationIsVisible = 0;
			defaultConfigurationName = Release;
		};
		228648741B11ACB400CC018C /* Build configuration list for PBXNativeTarget "transcendence" */ = {
			isa = XCConfigurationList;
			buildConfigurations = (
				228648751B11ACB400CC018C /* Debug */,
				228648761B11ACB400CC018C /* Release */,
			);
			defaultConfigurationIsVisible = 0;
			defaultConfigurationName = Release;
		};
		228648771B11ACB400CC018C /* Build configuration list for PBXNativeTarget "transcendenceTests" */ = {
			isa = XCConfigurationList;
			buildConfigurations = (
				228648781B11ACB400CC018C /* Debug */,
				228648791B11ACB400CC018C /* Release */,
			);
			defaultConfigurationIsVisible = 0;
			defaultConfigurationName = Release;
		};
/* End XCConfigurationList section */
	};
	rootObject = 2286484D1B11ACB300CC018C /* Project object */;
}
